<?xml version="1.0" encoding="utf-8"?>
<Project ToolsVersion="4.0" xmlns="http://schemas.microsoft.com/developer/msbuild/2003">
  <ItemGroup>
    <Filter Include="源文件">
      <UniqueIdentifier>{4FC737F1-C7A5-4376-A066-2A32D752A2FF}</UniqueIdentifier>
      <Extensions>cpp;c;cc;cxx;c++;cppm;ixx;def;odl;idl;hpj;bat;asm;asmx</Extensions>
    </Filter>
    <Filter Include="头文件">
      <UniqueIdentifier>{93995380-89BD-4b04-88EB-625FBE52EBFB}</UniqueIdentifier>
      <Extensions>h;hh;hpp;hxx;h++;hm;inl;inc;ipp;xsd</Extensions>
    </Filter>
    <Filter Include="资源文件">
      <UniqueIdentifier>{67DA6AB6-F800-4c08-8B7A-83BB121AAD01}</UniqueIdentifier>
      <Extensions>rc;ico;cur;bmp;dlg;rc2;rct;bin;rgs;gif;jpg;jpeg;jpe;resx;tiff;tif;png;wav;mfcribbon-ms</Extensions>
    </Filter>
  </ItemGroup>
  <ItemGroup>
    <ClInclude Include="008.h">
      <Filter>头文件</Filter>
    </ClInclude>
    <ClInclude Include="framework.h">
      <Filter>头文件</Filter>
    </ClInclude>
    <ClInclude Include="targetver.h">
      <Filter>头文件</Filter>
    </ClInclude>
    <ClInclude Include="MainFrm.h">
      <Filter>头文件</Filter>
    </ClInclude>
    <ClInclude Include="008Doc.h">
      <Filter>头文件</Filter>
    </ClInclude>
    <ClInclude Include="008View.h">
      <Filter>头文件</Filter>
    </ClInclude>
    <ClInclude Include="Resource.h">
      <Filter>头文件</Filter>
    </ClInclude>
    <ClInclude Include="pch.h">
      <Filter>头文件</Filter>
    </ClInclude>
    <ClInclude Include="CLogin1Dlg.h">
      <Filter>头文件</Filter>
    </ClInclude>
    <ClInclude Include="CLogin2Dlg.h">
      <Filter>头文件</Filter>
    </ClInclude>
    <ClInclude Include="CLogin3Dlg.h">
      <Filter>头文件</Filter>
    </ClInclude>
    <ClInclude Include="CAdminDlg.h">
      <Filter>头文件</Filter>
    </ClInclude>
    <ClInclude Include="CStudentDlg.h">
      <Filter>头文件</Filter>
    </ClInclude>
    <ClInclude Include="CTeacherDlg.h">
      <Filter>头文件</Filter>
    </ClInclude>
    <ClInclude Include="CStudentRDlg.h">
      <Filter>头文件</Filter>
    </ClInclude>
    <ClInclude Include="CTeacherRDlg.h">
      <Filter>头文件</Filter>
    </ClInclude>
    <ClInclude Include="CyemianDlg.h">
      <Filter>头文件</Filter>
    </ClInclude>
    <ClInclude Include="CTeacherXXDlg.h">
      <Filter>头文件</Filter>
    </ClInclude>
    <ClInclude Include="CTeacherTXDlg.h">
      <Filter>头文件</Filter>
    </ClInclude>
    <ClInclude Include="CTeacherJDDlg.h">
      <Filter>头文件</Filter>
    </ClInclude>
    <ClInclude Include="CzhifuDlg.h">
      <Filter>头文件</Filter>
    </ClInclude>
    <ClInclude Include="CzhanghaoDlg.h">
      <Filter>头文件</Filter>
    </ClInclude>
    <ClInclude Include="CstudentXXDlg.h">
      <Filter>头文件</Filter>
    </ClInclude>
    <ClInclude Include="CstudentCCDlg.h">
      <Filter>头文件</Filter>
    </ClInclude>
    <ClInclude Include="CstudentJDDlg.h">
      <Filter>头文件</Filter>
    </ClInclude>
    <ClInclude Include="CstudentZZDlg.h">
      <Filter>头文件</Filter>
    </ClInclude>
  </ItemGroup>
  <ItemGroup>
    <ClCompile Include="008.cpp">
      <Filter>源文件</Filter>
    </ClCompile>
    <ClCompile Include="MainFrm.cpp">
      <Filter>源文件</Filter>
    </ClCompile>
    <ClCompile Include="008Doc.cpp">
      <Filter>源文件</Filter>
    </ClCompile>
    <ClCompile Include="008View.cpp">
      <Filter>源文件</Filter>
    </ClCompile>
    <ClCompile Include="pch.cpp">
      <Filter>源文件</Filter>
    </ClCompile>
    <ClCompile Include="CLogin1Dlg.cpp">
      <Filter>源文件</Filter>
    </ClCompile>
    <ClCompile Include="CLogin2Dlg.cpp">
      <Filter>源文件</Filter>
    </ClCompile>
    <ClCompile Include="CLogin3Dlg.cpp">
      <Filter>源文件</Filter>
    </ClCompile>
    <ClCompile Include="CAdminDlg.cpp">
      <Filter>源文件</Filter>
    </ClCompile>
    <ClCompile Include="CStudentDlg.cpp">
      <Filter>源文件</Filter>
    </ClCompile>
    <ClCompile Include="CTeacherDlg.cpp">
      <Filter>源文件</Filter>
    </ClCompile>
    <ClCompile Include="CStudentRDlg.cpp">
      <Filter>源文件</Filter>
    </ClCompile>
    <ClCompile Include="CTeacherRDlg.cpp">
      <Filter>源文件</Filter>
    </ClCompile>
    <ClCompile Include="CyemianDlg.cpp">
      <Filter>源文件</Filter>
    </ClCompile>
    <ClCompile Include="CTeacherXXDlg.cpp">
      <Filter>源文件</Filter>
    </ClCompile>
    <ClCompile Include="CTeacherTXDlg.cpp">
      <Filter>源文件</Filter>
    </ClCompile>
    <ClCompile Include="CTeacherJDDlg.cpp">
      <Filter>源文件</Filter>
    </ClCompile>
    <ClCompile Include="CzhifuDlg.cpp">
      <Filter>源文件</Filter>
    </ClCompile>
    <ClCompile Include="CzhanghaoDlg.cpp">
      <Filter>源文件</Filter>
    </ClCompile>
    <ClCompile Include="CstudentXXDlg.cpp">
      <Filter>源文件</Filter>
    </ClCompile>
    <ClCompile Include="CstudentCCDlg.cpp">
      <Filter>源文件</Filter>
    </ClCompile>
    <ClCompile Include="CstudentJDDlg.cpp">
      <Filter>源文件</Filter>
    </ClCompile>
    <ClCompile Include="CstudentZZDlg.cpp">
      <Filter>源文件</Filter>
    </ClCompile>
  </ItemGroup>
  <ItemGroup>
    <ResourceCompile Include="My008.rc">
      <Filter>资源文件</Filter>
    </ResourceCompile>
  </ItemGroup>
  <ItemGroup>
    <None Include="res\My008.rc2">
      <Filter>资源文件</Filter>
    </None>
  </ItemGroup>
  <ItemGroup>
    <Image Include="res\008Doc.ico">
      <Filter>资源文件</Filter>
    </Image>
    <Image Include="res\008.ico">
      <Filter>资源文件</Filter>
    </Image>
    <Image Include="res\Toolbar.bmp">
      <Filter>资源文件</Filter>
    </Image>
    <Image Include="res\toolbar1.bmp">
      <Filter>资源文件</Filter>
    </Image>
  </ItemGroup>
</Project>